
Microsoft Visual Studio Solution File, Format Version 12.00
# Visual Studio Version 16
VisualStudioVersion = 16.0.28803.156
MinimumVisualStudioVersion = 10.0.40219.1
Project("{8BC9CEB8-8B4A-11D0-8D11-00A0C91BC942}") = "Sail", "Sail\Sail.vcxproj", "{4BD27B5A-D461-4C31-B914-A18C73E17E87}"
EndProject
Project("{8BC9CEB8-8B4A-11D0-8D11-00A0C91BC942}") = "Demo", "Demo\Demo.vcxproj", "{A2A6A0A2-827A-473A-8211-EBD98A0EFF86}"
EndProject
Global
	GlobalSection(SolutionConfigurationPlatforms) = preSolution
		Debug|x64 = Debug|x64
		Debug|x86 = Debug|x86
		Release|x64 = Release|x64
		Release|x86 = Release|x86
	EndGlobalSection
	GlobalSection(ProjectConfigurationPlatforms) = postSolution
		{4BD27B5A-D461-4C31-B914-A18C73E17E87}.Debug|x64.ActiveCfg = Debug|x64
		{4BD27B5A-D461-4C31-B914-A18C73E17E87}.Debug|x64.Build.0 = Debug|x64
		{4BD27B5A-D461-4C31-B914-A18C73E17E87}.Debug|x86.ActiveCfg = Debug|Win32
		{4BD27B5A-D461-4C31-B914-A18C73E17E87}.Debug|x86.Build.0 = Debug|Win32
		{4BD27B5A-D461-4C31-B914-A18C73E17E87}.Release|x64.ActiveCfg = Release|x64
		{4BD27B5A-D461-4C31-B914-A18C73E17E87}.Release|x64.Build.0 = Release|x64
		{4BD27B5A-D461-4C31-B914-A18C73E17E87}.Release|x86.ActiveCfg = Release|Win32
		{4BD27B5A-D461-4C31-B914-A18C73E17E87}.Release|x86.Build.0 = Release|Win32
		{A2A6A0A2-827A-473A-8211-EBD98A0EFF86}.Debug|x64.ActiveCfg = Debug|x64
		{A2A6A0A2-827A-473A-8211-EBD98A0EFF86}.Debug|x64.Build.0 = Debug|x64
		{A2A6A0A2-827A-473A-8211-EBD98A0EFF86}.Debug|x86.ActiveCfg = Debug|Win32
		{A2A6A0A2-827A-473A-8211-EBD98A0EFF86}.Debug|x86.Build.0 = Debug|Win32
		{A2A6A0A2-827A-473A-8211-EBD98A0EFF86}.Release|x64.ActiveCfg = Release|x64
		{A2A6A0A2-827A-473A-8211-EBD98A0EFF86}.Release|x64.Build.0 = Release|x64
		{A2A6A0A2-827A-473A-8211-EBD98A0EFF86}.Release|x86.ActiveCfg = Release|Win32
		{A2A6A0A2-827A-473A-8211-EBD98A0EFF86}.Release|x86.Build.0 = Release|Win32
	EndGlobalSection
	GlobalSection(SolutionProperties) = preSolution
		HideSolutionNode = FALSE
	EndGlobalSection
	GlobalSection(ExtensibilityGlobals) = postSolution
		SolutionGuid = {1DAFAE15-6626-470B-8120-91EDDB1955A2}
	EndGlobalSection
EndGlobal
